Microsoft Visual Studio Solution File, Format Version 12.00
# Visual Studio 2012
Project("{FAE04EC0-301F-11D3-BF4B-00C04F79EFBC}") = "BaseUI", "Base\BaseUI.csproj", "{A6CC5E27-DAEA-4C6E-9FDF-E11E89495804}"
EndProject
Project("{FAE04EC0-301F-11D3-BF4B-00C04F79EFBC}") = "Global", "Global\Global.csproj", "{8BDD5E67-A523-44B4-A58A-482AEFAF6D2E}"
EndProject
Project("{FAE04EC0-301F-11D3-BF4B-00C04F79EFBC}") = "MainUI", "MainUI\MainUI.csproj", "{5714A2CC-5756-49A7-BE45-0F253EC80DC8}"
EndProject
Project("{FAE04EC0-301F-11D3-BF4B-00C04F79EFBC}") = "ShareBusiness", "ShareBusiness\ShareBusiness.csproj", "{D857D5ED-984A-425D-9DAD-EFCFD6FC65F1}"
EndProject
Project("{FAE04EC0-301F-11D3-BF4B-00C04F79EFBC}") = "ShareUI", "ShareUI\ShareUI.csproj", "{B5B360D1-A6D0-4BF5-A5BA-2AF78ADCBD70}"
EndProject
Project("{FAE04EC0-301F-11D3-BF4B-00C04F79EFBC}") = "AccBusiness", "AccBusiness\AccBusiness.csproj", "{25278BA6-6B21-4BB5-9ABA-A61FB869BE9F}"
EndProject
Project("{FAE04EC0-301F-11D3-BF4B-00C04F79EFBC}") = "AccUI", "AccUI\AccUI.csproj", "{6BB1D6DD-4B73-49FD-97A7-F6EF39B09DE1}"
EndProject
Project("{FAE04EC0-301F-11D3-BF4B-00C04F79EFBC}") = "BaseBusiness", "BaseBusiness\BaseBusiness.csproj", "{0857A83D-5A90-475F-A991-97C90A7EF809}"
EndProject
Project("{E24C65DC-7377-472B-9ABA-BC803B73C61A}") = "PFSService", "PFSService\", "{9F88631F-2537-4895-A8FC-83A15B388197}"
	ProjectSection(WebsiteProperties) = preProject
		TargetFrameworkMoniker = ".NETFramework,Version%3Dv4.0"
		Debug.AspNetCompiler.VirtualPath = "/PFSService"
		Debug.AspNetCompiler.PhysicalPath = "PFSService\"
		Debug.AspNetCompiler.TargetPath = "PrecompiledWeb\PFSService\"
		Debug.AspNetCompiler.Updateable = "true"
		Debug.AspNetCompiler.ForceOverwrite = "true"
		Debug.AspNetCompiler.FixedNames = "false"
		Debug.AspNetCompiler.Debug = "True"
		Release.AspNetCompiler.VirtualPath = "/PFSService"
		Release.AspNetCompiler.PhysicalPath = "PFSService\"
		Release.AspNetCompiler.TargetPath = "PrecompiledWeb\PFSService\"
		Release.AspNetCompiler.Updateable = "true"
		Release.AspNetCompiler.ForceOverwrite = "true"
		Release.AspNetCompiler.FixedNames = "false"
		Release.AspNetCompiler.Debug = "False"
		VWDPort = "6205"
	EndProjectSection
EndProject
Project("{FAE04EC0-301F-11D3-BF4B-00C04F79EFBC}") = "MainWebUI", "MainWebUI\MainWebUI.csproj", "{B7B9095F-7300-4F28-AE3C-D962A74A8598}"
EndProject
Project("{FAE04EC0-301F-11D3-BF4B-00C04F79EFBC}") = "InvesterInfoWeb", "InvesterInfoWeb\InvesterInfoWeb.csproj", "{3F38DC1D-7BDB-45FA-965F-ABBB62FC073C}"
EndProject
Project("{FAE04EC0-301F-11D3-BF4B-00C04F79EFBC}") = "InvesterInfoWebTests", "InvesterInfoWebTests\InvesterInfoWebTests.csproj", "{C46D364B-74FD-4BD0-A2A9-F021D93A48A2}"
EndProject
Global
	GlobalSection(SolutionConfigurationPlatforms) = preSolution
		Debug|.NET = Debug|.NET
		Debug|Any CPU = Debug|Any CPU
		Debug|Mixed Platforms = Debug|Mixed Platforms
		Debug|x64 = Debug|x64
		Debug|x86 = Debug|x86
		DebugLongRunningTests|.NET = DebugLongRunningTests|.NET
		DebugLongRunningTests|Any CPU = DebugLongRunningTests|Any CPU
		DebugLongRunningTests|Mixed Platforms = DebugLongRunningTests|Mixed Platforms
		DebugLongRunningTests|x64 = DebugLongRunningTests|x64
		DebugLongRunningTests|x86 = DebugLongRunningTests|x86
		DebugUnitTests|.NET = DebugUnitTests|.NET
		DebugUnitTests|Any CPU = DebugUnitTests|Any CPU
		DebugUnitTests|Mixed Platforms = DebugUnitTests|Mixed Platforms
		DebugUnitTests|x64 = DebugUnitTests|x64
		DebugUnitTests|x86 = DebugUnitTests|x86
		Release|.NET = Release|.NET
		Release|Any CPU = Release|Any CPU
		Release|Mixed Platforms = Release|Mixed Platforms
		Release|x64 = Release|x64
		Release|x86 = Release|x86
		ReleaseFinal|.NET = ReleaseFinal|.NET
		ReleaseFinal|Any CPU = ReleaseFinal|Any CPU
		ReleaseFinal|Mixed Platforms = ReleaseFinal|Mixed Platforms
		ReleaseFinal|x64 = ReleaseFinal|x64
		ReleaseFinal|x86 = ReleaseFinal|x86
		ReleaseUnitTests|.NET = ReleaseUnitTests|.NET
		ReleaseUnitTests|Any CPU = ReleaseUnitTests|Any CPU
		ReleaseUnitTests|Mixed Platforms = ReleaseUnitTests|Mixed Platforms
		ReleaseUnitTests|x64 = ReleaseUnitTests|x64
		ReleaseUnitTests|x86 = ReleaseUnitTests|x86
	EndGlobalSection
	GlobalSection(ProjectConfigurationPlatforms) = postSolution
		{A6CC5E27-DAEA-4C6E-9FDF-E11E89495804}.Debug|.NET.ActiveCfg = Debug|Any CPU
		{A6CC5E27-DAEA-4C6E-9FDF-E11E89495804}.Debug|Any CPU.ActiveCfg = Debug|Any CPU
		{A6CC5E27-DAEA-4C6E-9FDF-E11E89495804}.Debug|Any CPU.Build.0 = Debug|Any CPU
		{A6CC5E27-DAEA-4C6E-9FDF-E11E89495804}.Debug|Mixed Platforms.ActiveCfg = Debug|Any CPU
		{A6CC5E27-DAEA-4C6E-9FDF-E11E89495804}.Debug|Mixed Platforms.Build.0 = Debug|Any CPU
		{A6CC5E27-DAEA-4C6E-9FDF-E11E89495804}.Debug|x64.ActiveCfg = Debug|x86
		{A6CC5E27-DAEA-4C6E-9FDF-E11E89495804}.Debug|x86.ActiveCfg = Debug|x86
		{A6CC5E27-DAEA-4C6E-9FDF-E11E89495804}.Debug|x86.Build.0 = Debug|x86
		{A6CC5E27-DAEA-4C6E-9FDF-E11E89495804}.DebugLongRunningTests|.NET.ActiveCfg = Debug|Any CPU
		{A6CC5E27-DAEA-4C6E-9FDF-E11E89495804}.DebugLongRunningTests|Any CPU.ActiveCfg = Debug|Any CPU
		{A6CC5E27-DAEA-4C6E-9FDF-E11E89495804}.DebugLongRunningTests|Any CPU.Build.0 = Debug|Any CPU
		{A6CC5E27-DAEA-4C6E-9FDF-E11E89495804}.DebugLongRunningTests|Mixed Platforms.ActiveCfg = Debug|Any CPU
		{A6CC5E27-DAEA-4C6E-9FDF-E11E89495804}.DebugLongRunningTests|Mixed Platforms.Build.0 = Debug|Any CPU
		{A6CC5E27-DAEA-4C6E-9FDF-E11E89495804}.DebugLongRunningTests|x64.ActiveCfg = Debug|x86
		{A6CC5E27-DAEA-4C6E-9FDF-E11E89495804}.DebugLongRunningTests|x86.ActiveCfg = Debug|x86
		{A6CC5E27-DAEA-4C6E-9FDF-E11E89495804}.DebugLongRunningTests|x86.Build.0 = Debug|x86
		{A6CC5E27-DAEA-4C6E-9FDF-E11E89495804}.DebugUnitTests|.NET.ActiveCfg = Debug|Any CPU
		{A6CC5E27-DAEA-4C6E-9FDF-E11E89495804}.DebugUnitTests|Any CPU.ActiveCfg = Debug|Any CPU
		{A6CC5E27-DAEA-4C6E-9FDF-E11E89495804}.DebugUnitTests|Any CPU.Build.0 = Debug|Any CPU
		{A6CC5E27-DAEA-4C6E-9FDF-E11E89495804}.DebugUnitTests|Mixed Platforms.ActiveCfg = Debug|Any CPU
		{A6CC5E27-DAEA-4C6E-9FDF-E11E89495804}.DebugUnitTests|Mixed Platforms.Build.0 = Debug|Any CPU
		{A6CC5E27-DAEA-4C6E-9FDF-E11E89495804}.DebugUnitTests|x64.ActiveCfg = Debug|x86
		{A6CC5E27-DAEA-4C6E-9FDF-E11E89495804}.DebugUnitTests|x86.ActiveCfg = Debug|x86
		{A6CC5E27-DAEA-4C6E-9FDF-E11E89495804}.DebugUnitTests|x86.Build.0 = Debug|x86
		{A6CC5E27-DAEA-4C6E-9FDF-E11E89495804}.Release|.NET.ActiveCfg = Release|Any CPU
		{A6CC5E27-DAEA-4C6E-9FDF-E11E89495804}.Release|Any CPU.ActiveCfg = Release|Any CPU
		{A6CC5E27-DAEA-4C6E-9FDF-E11E89495804}.Release|Any CPU.Build.0 = Release|Any CPU
		{A6CC5E27-DAEA-4C6E-9FDF-E11E89495804}.Release|Mixed Platforms.ActiveCfg = Release|Any CPU
		{A6CC5E27-DAEA-4C6E-9FDF-E11E89495804}.Release|Mixed Platforms.Build.0 = Release|Any CPU
		{A6CC5E27-DAEA-4C6E-9FDF-E11E89495804}.Release|x64.ActiveCfg = Release|x86
		{A6CC5E27-DAEA-4C6E-9FDF-E11E89495804}.Release|x86.ActiveCfg = Release|x86
		{A6CC5E27-DAEA-4C6E-9FDF-E11E89495804}.Release|x86.Build.0 = Release|x86
		{A6CC5E27-DAEA-4C6E-9FDF-E11E89495804}.ReleaseFinal|.NET.ActiveCfg = Release|Any CPU
		{A6CC5E27-DAEA-4C6E-9FDF-E11E89495804}.ReleaseFinal|Any CPU.ActiveCfg = Release|Any CPU
		{A6CC5E27-DAEA-4C6E-9FDF-E11E89495804}.ReleaseFinal|Any CPU.Build.0 = Release|Any CPU
		{A6CC5E27-DAEA-4C6E-9FDF-E11E89495804}.ReleaseFinal|Mixed Platforms.ActiveCfg = Release|Any CPU
		{A6CC5E27-DAEA-4C6E-9FDF-E11E89495804}.ReleaseFinal|Mixed Platforms.Build.0 = Release|Any CPU
		{A6CC5E27-DAEA-4C6E-9FDF-E11E89495804}.ReleaseFinal|x64.ActiveCfg = Release|x86
		{A6CC5E27-DAEA-4C6E-9FDF-E11E89495804}.ReleaseFinal|x86.ActiveCfg = Release|x86
		{A6CC5E27-DAEA-4C6E-9FDF-E11E89495804}.ReleaseFinal|x86.Build.0 = Release|x86
		{A6CC5E27-DAEA-4C6E-9FDF-E11E89495804}.ReleaseUnitTests|.NET.ActiveCfg = Release|Any CPU
		{A6CC5E27-DAEA-4C6E-9FDF-E11E89495804}.ReleaseUnitTests|Any CPU.ActiveCfg = Release|Any CPU
		{A6CC5E27-DAEA-4C6E-9FDF-E11E89495804}.ReleaseUnitTests|Any CPU.Build.0 = Release|Any CPU
		{A6CC5E27-DAEA-4C6E-9FDF-E11E89495804}.ReleaseUnitTests|Mixed Platforms.ActiveCfg = Release|Any CPU
		{A6CC5E27-DAEA-4C6E-9FDF-E11E89495804}.ReleaseUnitTests|Mixed Platforms.Build.0 = Release|Any CPU
		{A6CC5E27-DAEA-4C6E-9FDF-E11E89495804}.ReleaseUnitTests|x64.ActiveCfg = Release|x86
		{A6CC5E27-DAEA-4C6E-9FDF-E11E89495804}.ReleaseUnitTests|x86.ActiveCfg = Release|x86
		{A6CC5E27-DAEA-4C6E-9FDF-E11E89495804}.ReleaseUnitTests|x86.Build.0 = Release|x86
		{8BDD5E67-A523-44B4-A58A-482AEFAF6D2E}.Debug|.NET.ActiveCfg = Debug|Any CPU
		{8BDD5E67-A523-44B4-A58A-482AEFAF6D2E}.Debug|Any CPU.ActiveCfg = Debug|Any CPU
		{8BDD5E67-A523-44B4-A58A-482AEFAF6D2E}.Debug|Any CPU.Build.0 = Debug|Any CPU
		{8BDD5E67-A523-44B4-A58A-482AEFAF6D2E}.Debug|Mixed Platforms.ActiveCfg = Debug|Any CPU
		{8BDD5E67-A523-44B4-A58A-482AEFAF6D2E}.Debug|Mixed Platforms.Build.0 = Debug|Any CPU
		{8BDD5E67-A523-44B4-A58A-482AEFAF6D2E}.Debug|x64.ActiveCfg = Debug|x86
		{8BDD5E67-A523-44B4-A58A-482AEFAF6D2E}.Debug|x86.ActiveCfg = Debug|x86
		{8BDD5E67-A523-44B4-A58A-482AEFAF6D2E}.Debug|x86.Build.0 = Debug|x86
		{8BDD5E67-A523-44B4-A58A-482AEFAF6D2E}.DebugLongRunningTests|.NET.ActiveCfg = Debug|Any CPU
		{8BDD5E67-A523-44B4-A58A-482AEFAF6D2E}.DebugLongRunningTests|Any CPU.ActiveCfg = Debug|Any CPU
		{8BDD5E67-A523-44B4-A58A-482AEFAF6D2E}.DebugLongRunningTests|Any CPU.Build.0 = Debug|Any CPU
		{8BDD5E67-A523-44B4-A58A-482AEFAF6D2E}.DebugLongRunningTests|Mixed Platforms.ActiveCfg = Debug|Any CPU
		{8BDD5E67-A523-44B4-A58A-482AEFAF6D2E}.DebugLongRunningTests|Mixed Platforms.Build.0 = Debug|Any CPU
		{8BDD5E67-A523-44B4-A58A-482AEFAF6D2E}.DebugLongRunningTests|x64.ActiveCfg = Debug|x86
		{8BDD5E67-A523-44B4-A58A-482AEFAF6D2E}.DebugLongRunningTests|x86.ActiveCfg = Debug|x86
		{8BDD5E67-A523-44B4-A58A-482AEFAF6D2E}.DebugLongRunningTests|x86.Build.0 = Debug|x86
		{8BDD5E67-A523-44B4-A58A-482AEFAF6D2E}.DebugUnitTests|.NET.ActiveCfg = Debug|Any CPU
		{8BDD5E67-A523-44B4-A58A-482AEFAF6D2E}.DebugUnitTests|Any CPU.ActiveCfg = Debug|Any CPU
		{8BDD5E67-A523-44B4-A58A-482AEFAF6D2E}.DebugUnitTests|Any CPU.Build.0 = Debug|Any CPU
		{8BDD5E67-A523-44B4-A58A-482AEFAF6D2E}.DebugUnitTests|Mixed Platforms.ActiveCfg = Debug|Any CPU
		{8BDD5E67-A523-44B4-A58A-482AEFAF6D2E}.DebugUnitTests|Mixed Platforms.Build.0 = Debug|Any CPU
		{8BDD5E67-A523-44B4-A58A-482AEFAF6D2E}.DebugUnitTests|x64.ActiveCfg = Debug|x86
		{8BDD5E67-A523-44B4-A58A-482AEFAF6D2E}.DebugUnitTests|x86.ActiveCfg = Debug|x86
		{8BDD5E67-A523-44B4-A58A-482AEFAF6D2E}.DebugUnitTests|x86.Build.0 = Debug|x86
		{8BDD5E67-A523-44B4-A58A-482AEFAF6D2E}.Release|.NET.ActiveCfg = Release|Any CPU
		{8BDD5E67-A523-44B4-A58A-482AEFAF6D2E}.Release|Any CPU.ActiveCfg = Release|Any CPU
		{8BDD5E67-A523-44B4-A58A-482AEFAF6D2E}.Release|Any CPU.Build.0 = Release|Any CPU
		{8BDD5E67-A523-44B4-A58A-482AEFAF6D2E}.Release|Mixed Platforms.ActiveCfg = Release|Any CPU
		{8BDD5E67-A523-44B4-A58A-482AEFAF6D2E}.Release|Mixed Platforms.Build.0 = Release|Any CPU
		{8BDD5E67-A523-44B4-A58A-482AEFAF6D2E}.Release|x64.ActiveCfg = Release|x86
		{8BDD5E67-A523-44B4-A58A-482AEFAF6D2E}.Release|x86.ActiveCfg = Release|x86
		{8BDD5E67-A523-44B4-A58A-482AEFAF6D2E}.Release|x86.Build.0 = Release|x86
		{8BDD5E67-A523-44B4-A58A-482AEFAF6D2E}.ReleaseFinal|.NET.ActiveCfg = Release|Any CPU
		{8BDD5E67-A523-44B4-A58A-482AEFAF6D2E}.ReleaseFinal|Any CPU.ActiveCfg = Release|Any CPU
		{8BDD5E67-A523-44B4-A58A-482AEFAF6D2E}.ReleaseFinal|Any CPU.Build.0 = Release|Any CPU
		{8BDD5E67-A523-44B4-A58A-482AEFAF6D2E}.ReleaseFinal|Mixed Platforms.ActiveCfg = Release|Any CPU
		{8BDD5E67-A523-44B4-A58A-482AEFAF6D2E}.ReleaseFinal|Mixed Platforms.Build.0 = Release|Any CPU
		{8BDD5E67-A523-44B4-A58A-482AEFAF6D2E}.ReleaseFinal|x64.ActiveCfg = Release|x86
		{8BDD5E67-A523-44B4-A58A-482AEFAF6D2E}.ReleaseFinal|x86.ActiveCfg = Release|x86
		{8BDD5E67-A523-44B4-A58A-482AEFAF6D2E}.ReleaseFinal|x86.Build.0 = Release|x86
		{8BDD5E67-A523-44B4-A58A-482AEFAF6D2E}.ReleaseUnitTests|.NET.ActiveCfg = Release|Any CPU
		{8BDD5E67-A523-44B4-A58A-482AEFAF6D2E}.ReleaseUnitTests|Any CPU.ActiveCfg = Release|Any CPU
		{8BDD5E67-A523-44B4-A58A-482AEFAF6D2E}.ReleaseUnitTests|Any CPU.Build.0 = Release|Any CPU
		{8BDD5E67-A523-44B4-A58A-482AEFAF6D2E}.ReleaseUnitTests|Mixed Platforms.ActiveCfg = Release|Any CPU
		{8BDD5E67-A523-44B4-A58A-482AEFAF6D2E}.ReleaseUnitTests|Mixed Platforms.Build.0 = Release|Any CPU
		{8BDD5E67-A523-44B4-A58A-482AEFAF6D2E}.ReleaseUnitTests|x64.ActiveCfg = Release|x86
		{8BDD5E67-A523-44B4-A58A-482AEFAF6D2E}.ReleaseUnitTests|x86.ActiveCfg = Release|x86
		{8BDD5E67-A523-44B4-A58A-482AEFAF6D2E}.ReleaseUnitTests|x86.Build.0 = Release|x86
		{5714A2CC-5756-49A7-BE45-0F253EC80DC8}.Debug|.NET.ActiveCfg = Debug|Any CPU
		{5714A2CC-5756-49A7-BE45-0F253EC80DC8}.Debug|Any CPU.ActiveCfg = Debug|Any CPU
		{5714A2CC-5756-49A7-BE45-0F253EC80DC8}.Debug|Any CPU.Build.0 = Debug|Any CPU
		{5714A2CC-5756-49A7-BE45-0F253EC80DC8}.Debug|Mixed Platforms.ActiveCfg = Debug|Any CPU
		{5714A2CC-5756-49A7-BE45-0F253EC80DC8}.Debug|Mixed Platforms.Build.0 = Debug|Any CPU
		{5714A2CC-5756-49A7-BE45-0F253EC80DC8}.Debug|x64.ActiveCfg = Debug|Any CPU
		{5714A2CC-5756-49A7-BE45-0F253EC80DC8}.Debug|x86.ActiveCfg = Debug|Any CPU
		{5714A2CC-5756-49A7-BE45-0F253EC80DC8}.DebugLongRunningTests|.NET.ActiveCfg = Debug|Any CPU
		{5714A2CC-5756-49A7-BE45-0F253EC80DC8}.DebugLongRunningTests|Any CPU.ActiveCfg = Debug|Any CPU
		{5714A2CC-5756-49A7-BE45-0F253EC80DC8}.DebugLongRunningTests|Any CPU.Build.0 = Debug|Any CPU
		{5714A2CC-5756-49A7-BE45-0F253EC80DC8}.DebugLongRunningTests|Mixed Platforms.ActiveCfg = Debug|Any CPU
		{5714A2CC-5756-49A7-BE45-0F253EC80DC8}.DebugLongRunningTests|Mixed Platforms.Build.0 = Debug|Any CPU
		{5714A2CC-5756-49A7-BE45-0F253EC80DC8}.DebugLongRunningTests|x64.ActiveCfg = Debug|Any CPU
		{5714A2CC-5756-49A7-BE45-0F253EC80DC8}.DebugLongRunningTests|x86.ActiveCfg = Debug|Any CPU
		{5714A2CC-5756-49A7-BE45-0F253EC80DC8}.DebugUnitTests|.NET.ActiveCfg = Debug|Any CPU
		{5714A2CC-5756-49A7-BE45-0F253EC80DC8}.DebugUnitTests|Any CPU.ActiveCfg = Debug|Any CPU
		{5714A2CC-5756-49A7-BE45-0F253EC80DC8}.DebugUnitTests|Any CPU.Build.0 = Debug|Any CPU
		{5714A2CC-5756-49A7-BE45-0F253EC80DC8}.DebugUnitTests|Mixed Platforms.ActiveCfg = Debug|Any CPU
		{5714A2CC-5756-49A7-BE45-0F253EC80DC8}.DebugUnitTests|Mixed Platforms.Build.0 = Debug|Any CPU
		{5714A2CC-5756-49A7-BE45-0F253EC80DC8}.DebugUnitTests|x64.ActiveCfg = Debug|Any CPU
		{5714A2CC-5756-49A7-BE45-0F253EC80DC8}.DebugUnitTests|x86.ActiveCfg = Debug|Any CPU
		{5714A2CC-5756-49A7-BE45-0F253EC80DC8}.Release|.NET.ActiveCfg = Release|Any CPU
		{5714A2CC-5756-49A7-BE45-0F253EC80DC8}.Release|Any CPU.ActiveCfg = Release|Any CPU
		{5714A2CC-5756-49A7-BE45-0F253EC80DC8}.Release|Any CPU.Build.0 = Release|Any CPU
		{5714A2CC-5756-49A7-BE45-0F253EC80DC8}.Release|Mixed Platforms.ActiveCfg = Release|Any CPU
		{5714A2CC-5756-49A7-BE45-0F253EC80DC8}.Release|Mixed Platforms.Build.0 = Release|Any CPU
		{5714A2CC-5756-49A7-BE45-0F253EC80DC8}.Release|x64.ActiveCfg = Release|Any CPU
		{5714A2CC-5756-49A7-BE45-0F253EC80DC8}.Release|x86.ActiveCfg = Release|Any CPU
		{5714A2CC-5756-49A7-BE45-0F253EC80DC8}.ReleaseFinal|.NET.ActiveCfg = Release|Any CPU
		{5714A2CC-5756-49A7-BE45-0F253EC80DC8}.ReleaseFinal|Any CPU.ActiveCfg = Release|Any CPU
		{5714A2CC-5756-49A7-BE45-0F253EC80DC8}.ReleaseFinal|Any CPU.Build.0 = Release|Any CPU
		{5714A2CC-5756-49A7-BE45-0F253EC80DC8}.ReleaseFinal|Mixed Platforms.ActiveCfg = Release|Any CPU
		{5714A2CC-5756-49A7-BE45-0F253EC80DC8}.ReleaseFinal|Mixed Platforms.Build.0 = Release|Any CPU
		{5714A2CC-5756-49A7-BE45-0F253EC80DC8}.ReleaseFinal|x64.ActiveCfg = Release|Any CPU
		{5714A2CC-5756-49A7-BE45-0F253EC80DC8}.ReleaseFinal|x86.ActiveCfg = Release|x86
		{5714A2CC-5756-49A7-BE45-0F253EC80DC8}.ReleaseFinal|x86.Build.0 = Release|x86
		{5714A2CC-5756-49A7-BE45-0F253EC80DC8}.ReleaseUnitTests|.NET.ActiveCfg = Release|Any CPU
		{5714A2CC-5756-49A7-BE45-0F253EC80DC8}.ReleaseUnitTests|Any CPU.ActiveCfg = Release|Any CPU
		{5714A2CC-5756-49A7-BE45-0F253EC80DC8}.ReleaseUnitTests|Any CPU.Build.0 = Release|Any CPU
		{5714A2CC-5756-49A7-BE45-0F253EC80DC8}.ReleaseUnitTests|Mixed Platforms.ActiveCfg = Release|Any CPU
		{5714A2CC-5756-49A7-BE45-0F253EC80DC8}.ReleaseUnitTests|Mixed Platforms.Build.0 = Release|Any CPU
		{5714A2CC-5756-49A7-BE45-0F253EC80DC8}.ReleaseUnitTests|x64.ActiveCfg = Release|Any CPU
		{5714A2CC-5756-49A7-BE45-0F253EC80DC8}.ReleaseUnitTests|x86.ActiveCfg = Release|x86
		{5714A2CC-5756-49A7-BE45-0F253EC80DC8}.ReleaseUnitTests|x86.Build.0 = Release|x86
		{D857D5ED-984A-425D-9DAD-EFCFD6FC65F1}.Debug|.NET.ActiveCfg = Debug|Any CPU
		{D857D5ED-984A-425D-9DAD-EFCFD6FC65F1}.Debug|Any CPU.ActiveCfg = Debug|Any CPU
		{D857D5ED-984A-425D-9DAD-EFCFD6FC65F1}.Debug|Any CPU.Build.0 = Debug|Any CPU
		{D857D5ED-984A-425D-9DAD-EFCFD6FC65F1}.Debug|Mixed Platforms.ActiveCfg = Debug|Any CPU
		{D857D5ED-984A-425D-9DAD-EFCFD6FC65F1}.Debug|Mixed Platforms.Build.0 = Debug|Any CPU
		{D857D5ED-984A-425D-9DAD-EFCFD6FC65F1}.Debug|x64.ActiveCfg = Debug|Any CPU
		{D857D5ED-984A-425D-9DAD-EFCFD6FC65F1}.Debug|x86.ActiveCfg = Debug|Any CPU
		{D857D5ED-984A-425D-9DAD-EFCFD6FC65F1}.DebugLongRunningTests|.NET.ActiveCfg = Debug|Any CPU
		{D857D5ED-984A-425D-9DAD-EFCFD6FC65F1}.DebugLongRunningTests|Any CPU.ActiveCfg = Debug|Any CPU
		{D857D5ED-984A-425D-9DAD-EFCFD6FC65F1}.DebugLongRunningTests|Any CPU.Build.0 = Debug|Any CPU
		{D857D5ED-984A-425D-9DAD-EFCFD6FC65F1}.DebugLongRunningTests|Mixed Platforms.ActiveCfg = Debug|Any CPU
		{D857D5ED-984A-425D-9DAD-EFCFD6FC65F1}.DebugLongRunningTests|Mixed Platforms.Build.0 = Debug|Any CPU
		{D857D5ED-984A-425D-9DAD-EFCFD6FC65F1}.DebugLongRunningTests|x64.ActiveCfg = Debug|Any CPU
		{D857D5ED-984A-425D-9DAD-EFCFD6FC65F1}.DebugLongRunningTests|x86.ActiveCfg = Debug|Any CPU
		{D857D5ED-984A-425D-9DAD-EFCFD6FC65F1}.DebugUnitTests|.NET.ActiveCfg = Debug|Any CPU
		{D857D5ED-984A-425D-9DAD-EFCFD6FC65F1}.DebugUnitTests|Any CPU.ActiveCfg = Debug|Any CPU
		{D857D5ED-984A-425D-9DAD-EFCFD6FC65F1}.DebugUnitTests|Any CPU.Build.0 = Debug|Any CPU
		{D857D5ED-984A-425D-9DAD-EFCFD6FC65F1}.DebugUnitTests|Mixed Platforms.ActiveCfg = Debug|Any CPU
		{D857D5ED-984A-425D-9DAD-EFCFD6FC65F1}.DebugUnitTests|Mixed Platforms.Build.0 = Debug|Any CPU
		{D857D5ED-984A-425D-9DAD-EFCFD6FC65F1}.DebugUnitTests|x64.ActiveCfg = Debug|Any CPU
		{D857D5ED-984A-425D-9DAD-EFCFD6FC65F1}.DebugUnitTests|x86.ActiveCfg = Debug|Any CPU
		{D857D5ED-984A-425D-9DAD-EFCFD6FC65F1}.Release|.NET.ActiveCfg = Release|Any CPU
		{D857D5ED-984A-425D-9DAD-EFCFD6FC65F1}.Release|Any CPU.ActiveCfg = Release|Any CPU
		{D857D5ED-984A-425D-9DAD-EFCFD6FC65F1}.Release|Any CPU.Build.0 = Release|Any CPU
		{D857D5ED-984A-425D-9DAD-EFCFD6FC65F1}.Release|Mixed Platforms.ActiveCfg = Release|Any CPU
		{D857D5ED-984A-425D-9DAD-EFCFD6FC65F1}.Release|Mixed Platforms.Build.0 = Release|Any CPU
		{D857D5ED-984A-425D-9DAD-EFCFD6FC65F1}.Release|x64.ActiveCfg = Release|Any CPU
		{D857D5ED-984A-425D-9DAD-EFCFD6FC65F1}.Release|x86.ActiveCfg = Release|Any CPU
		{D857D5ED-984A-425D-9DAD-EFCFD6FC65F1}.ReleaseFinal|.NET.ActiveCfg = Release|Any CPU
		{D857D5ED-984A-425D-9DAD-EFCFD6FC65F1}.ReleaseFinal|Any CPU.ActiveCfg = Release|Any CPU
		{D857D5ED-984A-425D-9DAD-EFCFD6FC65F1}.ReleaseFinal|Any CPU.Build.0 = Release|Any CPU
		{D857D5ED-984A-425D-9DAD-EFCFD6FC65F1}.ReleaseFinal|Mixed Platforms.ActiveCfg = Release|Any CPU
		{D857D5ED-984A-425D-9DAD-EFCFD6FC65F1}.ReleaseFinal|Mixed Platforms.Build.0 = Release|Any CPU
		{D857D5ED-984A-425D-9DAD-EFCFD6FC65F1}.ReleaseFinal|x64.ActiveCfg = Release|Any CPU
		{D857D5ED-984A-425D-9DAD-EFCFD6FC65F1}.ReleaseFinal|x86.ActiveCfg = Release|x86
		{D857D5ED-984A-425D-9DAD-EFCFD6FC65F1}.ReleaseFinal|x86.Build.0 = Release|x86
		{D857D5ED-984A-425D-9DAD-EFCFD6FC65F1}.ReleaseUnitTests|.NET.ActiveCfg = Release|Any CPU
		{D857D5ED-984A-425D-9DAD-EFCFD6FC65F1}.ReleaseUnitTests|Any CPU.ActiveCfg = Release|Any CPU
		{D857D5ED-984A-425D-9DAD-EFCFD6FC65F1}.ReleaseUnitTests|Any CPU.Build.0 = Release|Any CPU
		{D857D5ED-984A-425D-9DAD-EFCFD6FC65F1}.ReleaseUnitTests|Mixed Platforms.ActiveCfg = Release|Any CPU
		{D857D5ED-984A-425D-9DAD-EFCFD6FC65F1}.ReleaseUnitTests|Mixed Platforms.Build.0 = Release|Any CPU
		{D857D5ED-984A-425D-9DAD-EFCFD6FC65F1}.ReleaseUnitTests|x64.ActiveCfg = Release|Any CPU
		{D857D5ED-984A-425D-9DAD-EFCFD6FC65F1}.ReleaseUnitTests|x86.ActiveCfg = Release|x86
		{D857D5ED-984A-425D-9DAD-EFCFD6FC65F1}.ReleaseUnitTests|x86.Build.0 = Release|x86
		{B5B360D1-A6D0-4BF5-A5BA-2AF78ADCBD70}.Debug|.NET.ActiveCfg = Debug|Any CPU
		{B5B360D1-A6D0-4BF5-A5BA-2AF78ADCBD70}.Debug|Any CPU.ActiveCfg = Debug|Any CPU
		{B5B360D1-A6D0-4BF5-A5BA-2AF78ADCBD70}.Debug|Any CPU.Build.0 = Debug|Any CPU
		{B5B360D1-A6D0-4BF5-A5BA-2AF78ADCBD70}.Debug|Mixed Platforms.ActiveCfg = Debug|Any CPU
		{B5B360D1-A6D0-4BF5-A5BA-2AF78ADCBD70}.Debug|Mixed Platforms.Build.0 = Debug|Any CPU
		{B5B360D1-A6D0-4BF5-A5BA-2AF78ADCBD70}.Debug|x64.ActiveCfg = Debug|Any CPU
		{B5B360D1-A6D0-4BF5-A5BA-2AF78ADCBD70}.Debug|x86.ActiveCfg = Debug|Any CPU
		{B5B360D1-A6D0-4BF5-A5BA-2AF78ADCBD70}.DebugLongRunningTests|.NET.ActiveCfg = Debug|Any CPU
		{B5B360D1-A6D0-4BF5-A5BA-2AF78ADCBD70}.DebugLongRunningTests|Any CPU.ActiveCfg = Debug|Any CPU
		{B5B360D1-A6D0-4BF5-A5BA-2AF78ADCBD70}.DebugLongRunningTests|Any CPU.Build.0 = Debug|Any CPU
		{B5B360D1-A6D0-4BF5-A5BA-2AF78ADCBD70}.DebugLongRunningTests|Mixed Platforms.ActiveCfg = Debug|Any CPU
		{B5B360D1-A6D0-4BF5-A5BA-2AF78ADCBD70}.DebugLongRunningTests|Mixed Platforms.Build.0 = Debug|Any CPU
		{B5B360D1-A6D0-4BF5-A5BA-2AF78ADCBD70}.DebugLongRunningTests|x64.ActiveCfg = Debug|Any CPU
		{B5B360D1-A6D0-4BF5-A5BA-2AF78ADCBD70}.DebugLongRunningTests|x86.ActiveCfg = Debug|Any CPU
		{B5B360D1-A6D0-4BF5-A5BA-2AF78ADCBD70}.DebugUnitTests|.NET.ActiveCfg = Debug|Any CPU
		{B5B360D1-A6D0-4BF5-A5BA-2AF78ADCBD70}.DebugUnitTests|Any CPU.ActiveCfg = Debug|Any CPU
		{B5B360D1-A6D0-4BF5-A5BA-2AF78ADCBD70}.DebugUnitTests|Any CPU.Build.0 = Debug|Any CPU
		{B5B360D1-A6D0-4BF5-A5BA-2AF78ADCBD70}.DebugUnitTests|Mixed Platforms.ActiveCfg = Debug|Any CPU
		{B5B360D1-A6D0-4BF5-A5BA-2AF78ADCBD70}.DebugUnitTests|Mixed Platforms.Build.0 = Debug|Any CPU
		{B5B360D1-A6D0-4BF5-A5BA-2AF78ADCBD70}.DebugUnitTests|x64.ActiveCfg = Debug|Any CPU
		{B5B360D1-A6D0-4BF5-A5BA-2AF78ADCBD70}.DebugUnitTests|x86.ActiveCfg = Debug|Any CPU
		{B5B360D1-A6D0-4BF5-A5BA-2AF78ADCBD70}.Release|.NET.ActiveCfg = Release|Any CPU
		{B5B360D1-A6D0-4BF5-A5BA-2AF78ADCBD70}.Release|Any CPU.ActiveCfg = Release|Any CPU
		{B5B360D1-A6D0-4BF5-A5BA-2AF78ADCBD70}.Release|Any CPU.Build.0 = Release|Any CPU
		{B5B360D1-A6D0-4BF5-A5BA-2AF78ADCBD70}.Release|Mixed Platforms.ActiveCfg = Release|Any CPU
		{B5B360D1-A6D0-4BF5-A5BA-2AF78ADCBD70}.Release|Mixed Platforms.Build.0 = Release|Any CPU
		{B5B360D1-A6D0-4BF5-A5BA-2AF78ADCBD70}.Release|x64.ActiveCfg = Release|Any CPU
		{B5B360D1-A6D0-4BF5-A5BA-2AF78ADCBD70}.Release|x86.ActiveCfg = Release|Any CPU
		{B5B360D1-A6D0-4BF5-A5BA-2AF78ADCBD70}.ReleaseFinal|.NET.ActiveCfg = Release|Any CPU
		{B5B360D1-A6D0-4BF5-A5BA-2AF78ADCBD70}.ReleaseFinal|Any CPU.ActiveCfg = Release|Any CPU
		{B5B360D1-A6D0-4BF5-A5BA-2AF78ADCBD70}.ReleaseFinal|Any CPU.Build.0 = Release|Any CPU
		{B5B360D1-A6D0-4BF5-A5BA-2AF78ADCBD70}.ReleaseFinal|Mixed Platforms.ActiveCfg = Release|Any CPU
		{B5B360D1-A6D0-4BF5-A5BA-2AF78ADCBD70}.ReleaseFinal|Mixed Platforms.Build.0 = Release|Any CPU
		{B5B360D1-A6D0-4BF5-A5BA-2AF78ADCBD70}.ReleaseFinal|x64.ActiveCfg = Release|Any CPU
		{B5B360D1-A6D0-4BF5-A5BA-2AF78ADCBD70}.ReleaseFinal|x86.ActiveCfg = Release|x86
		{B5B360D1-A6D0-4BF5-A5BA-2AF78ADCBD70}.ReleaseFinal|x86.Build.0 = Release|x86
		{B5B360D1-A6D0-4BF5-A5BA-2AF78ADCBD70}.ReleaseUnitTests|.NET.ActiveCfg = Release|Any CPU
		{B5B360D1-A6D0-4BF5-A5BA-2AF78ADCBD70}.ReleaseUnitTests|Any CPU.ActiveCfg = Release|Any CPU
		{B5B360D1-A6D0-4BF5-A5BA-2AF78ADCBD70}.ReleaseUnitTests|Any CPU.Build.0 = Release|Any CPU
		{B5B360D1-A6D0-4BF5-A5BA-2AF78ADCBD70}.ReleaseUnitTests|Mixed Platforms.ActiveCfg = Release|Any CPU
		{B5B360D1-A6D0-4BF5-A5BA-2AF78ADCBD70}.ReleaseUnitTests|Mixed Platforms.Build.0 = Release|Any CPU
		{B5B360D1-A6D0-4BF5-A5BA-2AF78ADCBD70}.ReleaseUnitTests|x64.ActiveCfg = Release|Any CPU
		{B5B360D1-A6D0-4BF5-A5BA-2AF78ADCBD70}.ReleaseUnitTests|x86.ActiveCfg = Release|x86
		{B5B360D1-A6D0-4BF5-A5BA-2AF78ADCBD70}.ReleaseUnitTests|x86.Build.0 = Release|x86
		{25278BA6-6B21-4BB5-9ABA-A61FB869BE9F}.Debug|.NET.ActiveCfg = Debug|x86
		{25278BA6-6B21-4BB5-9ABA-A61FB869BE9F}.Debug|Any CPU.ActiveCfg = Debug|Any CPU
		{25278BA6-6B21-4BB5-9ABA-A61FB869BE9F}.Debug|Any CPU.Build.0 = Debug|Any CPU
		{25278BA6-6B21-4BB5-9ABA-A61FB869BE9F}.Debug|Mixed Platforms.ActiveCfg = Debug|Any CPU
		{25278BA6-6B21-4BB5-9ABA-A61FB869BE9F}.Debug|Mixed Platforms.Build.0 = Debug|Any CPU
		{25278BA6-6B21-4BB5-9ABA-A61FB869BE9F}.Debug|x64.ActiveCfg = Debug|x86
		{25278BA6-6B21-4BB5-9ABA-A61FB869BE9F}.Debug|x86.ActiveCfg = Debug|x86
		{25278BA6-6B21-4BB5-9ABA-A61FB869BE9F}.Debug|x86.Build.0 = Debug|x86
		{25278BA6-6B21-4BB5-9ABA-A61FB869BE9F}.DebugLongRunningTests|.NET.ActiveCfg = Debug|x86
		{25278BA6-6B21-4BB5-9ABA-A61FB869BE9F}.DebugLongRunningTests|Any CPU.ActiveCfg = Debug|x86
		{25278BA6-6B21-4BB5-9ABA-A61FB869BE9F}.DebugLongRunningTests|Mixed Platforms.ActiveCfg = Debug|x86
		{25278BA6-6B21-4BB5-9ABA-A61FB869BE9F}.DebugLongRunningTests|Mixed Platforms.Build.0 = Debug|x86
		{25278BA6-6B21-4BB5-9ABA-A61FB869BE9F}.DebugLongRunningTests|x64.ActiveCfg = Debug|x86
		{25278BA6-6B21-4BB5-9ABA-A61FB869BE9F}.DebugLongRunningTests|x86.ActiveCfg = Debug|x86
		{25278BA6-6B21-4BB5-9ABA-A61FB869BE9F}.DebugLongRunningTests|x86.Build.0 = Debug|x86
		{25278BA6-6B21-4BB5-9ABA-A61FB869BE9F}.DebugUnitTests|.NET.ActiveCfg = Debug|x86
		{25278BA6-6B21-4BB5-9ABA-A61FB869BE9F}.DebugUnitTests|Any CPU.ActiveCfg = Debug|x86
		{25278BA6-6B21-4BB5-9ABA-A61FB869BE9F}.DebugUnitTests|Mixed Platforms.ActiveCfg = Debug|x86
		{25278BA6-6B21-4BB5-9ABA-A61FB869BE9F}.DebugUnitTests|Mixed Platforms.Build.0 = Debug|x86
		{25278BA6-6B21-4BB5-9ABA-A61FB869BE9F}.DebugUnitTests|x64.ActiveCfg = Debug|x86
		{25278BA6-6B21-4BB5-9ABA-A61FB869BE9F}.DebugUnitTests|x86.ActiveCfg = Debug|x86
		{25278BA6-6B21-4BB5-9ABA-A61FB869BE9F}.DebugUnitTests|x86.Build.0 = Debug|x86
		{25278BA6-6B21-4BB5-9ABA-A61FB869BE9F}.Release|.NET.ActiveCfg = Release|x86
		{25278BA6-6B21-4BB5-9ABA-A61FB869BE9F}.Release|Any CPU.ActiveCfg = Release|Any CPU
		{25278BA6-6B21-4BB5-9ABA-A61FB869BE9F}.Release|Any CPU.Build.0 = Release|Any CPU
		{25278BA6-6B21-4BB5-9ABA-A61FB869BE9F}.Release|Mixed Platforms.ActiveCfg = Release|Any CPU
		{25278BA6-6B21-4BB5-9ABA-A61FB869BE9F}.Release|Mixed Platforms.Build.0 = Release|Any CPU
		{25278BA6-6B21-4BB5-9ABA-A61FB869BE9F}.Release|x64.ActiveCfg = Release|x86
		{25278BA6-6B21-4BB5-9ABA-A61FB869BE9F}.Release|x86.ActiveCfg = Release|x86
		{25278BA6-6B21-4BB5-9ABA-A61FB869BE9F}.Release|x86.Build.0 = Release|x86
		{25278BA6-6B21-4BB5-9ABA-A61FB869BE9F}.ReleaseFinal|.NET.ActiveCfg = Release|x86
		{25278BA6-6B21-4BB5-9ABA-A61FB869BE9F}.ReleaseFinal|Any CPU.ActiveCfg = Release|Any CPU
		{25278BA6-6B21-4BB5-9ABA-A61FB869BE9F}.ReleaseFinal|Any CPU.Build.0 = Release|Any CPU
		{25278BA6-6B21-4BB5-9ABA-A61FB869BE9F}.ReleaseFinal|Mixed Platforms.ActiveCfg = Release|Any CPU
		{25278BA6-6B21-4BB5-9ABA-A61FB869BE9F}.ReleaseFinal|Mixed Platforms.Build.0 = Release|Any CPU
		{25278BA6-6B21-4BB5-9ABA-A61FB869BE9F}.ReleaseFinal|x64.ActiveCfg = Release|x86
		{25278BA6-6B21-4BB5-9ABA-A61FB869BE9F}.ReleaseFinal|x86.ActiveCfg = Release|x86
		{25278BA6-6B21-4BB5-9ABA-A61FB869BE9F}.ReleaseFinal|x86.Build.0 = Release|x86
		{25278BA6-6B21-4BB5-9ABA-A61FB869BE9F}.ReleaseUnitTests|.NET.ActiveCfg = Release|x86
		{25278BA6-6B21-4BB5-9ABA-A61FB869BE9F}.ReleaseUnitTests|Any CPU.ActiveCfg = Release|x86
		{25278BA6-6B21-4BB5-9ABA-A61FB869BE9F}.ReleaseUnitTests|Mixed Platforms.ActiveCfg = Release|x86
		{25278BA6-6B21-4BB5-9ABA-A61FB869BE9F}.ReleaseUnitTests|Mixed Platforms.Build.0 = Release|x86
		{25278BA6-6B21-4BB5-9ABA-A61FB869BE9F}.ReleaseUnitTests|x64.ActiveCfg = Release|x86
		{25278BA6-6B21-4BB5-9ABA-A61FB869BE9F}.ReleaseUnitTests|x86.ActiveCfg = Release|x86
		{25278BA6-6B21-4BB5-9ABA-A61FB869BE9F}.ReleaseUnitTests|x86.Build.0 = Release|x86
		{6BB1D6DD-4B73-49FD-97A7-F6EF39B09DE1}.Debug|.NET.ActiveCfg = Debug|x86
		{6BB1D6DD-4B73-49FD-97A7-F6EF39B09DE1}.Debug|Any CPU.ActiveCfg = Debug|Any CPU
		{6BB1D6DD-4B73-49FD-97A7-F6EF39B09DE1}.Debug|Any CPU.Build.0 = Debug|Any CPU
		{6BB1D6DD-4B73-49FD-97A7-F6EF39B09DE1}.Debug|Mixed Platforms.ActiveCfg = Debug|Any CPU
		{6BB1D6DD-4B73-49FD-97A7-F6EF39B09DE1}.Debug|Mixed Platforms.Build.0 = Debug|Any CPU
		{6BB1D6DD-4B73-49FD-97A7-F6EF39B09DE1}.Debug|x64.ActiveCfg = Debug|x86
		{6BB1D6DD-4B73-49FD-97A7-F6EF39B09DE1}.Debug|x86.ActiveCfg = Debug|x86
		{6BB1D6DD-4B73-49FD-97A7-F6EF39B09DE1}.Debug|x86.Build.0 = Debug|x86
		{6BB1D6DD-4B73-49FD-97A7-F6EF39B09DE1}.DebugLongRunningTests|.NET.ActiveCfg = Debug|x86
		{6BB1D6DD-4B73-49FD-97A7-F6EF39B09DE1}.DebugLongRunningTests|Any CPU.ActiveCfg = Debug|x86
		{6BB1D6DD-4B73-49FD-97A7-F6EF39B09DE1}.DebugLongRunningTests|Mixed Platforms.ActiveCfg = Debug|x86
		{6BB1D6DD-4B73-49FD-97A7-F6EF39B09DE1}.DebugLongRunningTests|Mixed Platforms.Build.0 = Debug|x86
		{6BB1D6DD-4B73-49FD-97A7-F6EF39B09DE1}.DebugLongRunningTests|x64.ActiveCfg = Debug|x86
		{6BB1D6DD-4B73-49FD-97A7-F6EF39B09DE1}.DebugLongRunningTests|x86.ActiveCfg = Debug|x86
		{6BB1D6DD-4B73-49FD-97A7-F6EF39B09DE1}.DebugLongRunningTests|x86.Build.0 = Debug|x86
		{6BB1D6DD-4B73-49FD-97A7-F6EF39B09DE1}.DebugUnitTests|.NET.ActiveCfg = Debug|x86
		{6BB1D6DD-4B73-49FD-97A7-F6EF39B09DE1}.DebugUnitTests|Any CPU.ActiveCfg = Debug|x86
		{6BB1D6DD-4B73-49FD-97A7-F6EF39B09DE1}.DebugUnitTests|Mixed Platforms.ActiveCfg = Debug|x86
		{6BB1D6DD-4B73-49FD-97A7-F6EF39B09DE1}.DebugUnitTests|Mixed Platforms.Build.0 = Debug|x86
		{6BB1D6DD-4B73-49FD-97A7-F6EF39B09DE1}.DebugUnitTests|x64.ActiveCfg = Debug|x86
		{6BB1D6DD-4B73-49FD-97A7-F6EF39B09DE1}.DebugUnitTests|x86.ActiveCfg = Debug|x86
		{6BB1D6DD-4B73-49FD-97A7-F6EF39B09DE1}.DebugUnitTests|x86.Build.0 = Debug|x86
		{6BB1D6DD-4B73-49FD-97A7-F6EF39B09DE1}.Release|.NET.ActiveCfg = Release|x86
		{6BB1D6DD-4B73-49FD-97A7-F6EF39B09DE1}.Release|Any CPU.ActiveCfg = Release|Any CPU
		{6BB1D6DD-4B73-49FD-97A7-F6EF39B09DE1}.Release|Any CPU.Build.0 = Release|Any CPU
		{6BB1D6DD-4B73-49FD-97A7-F6EF39B09DE1}.Release|Mixed Platforms.ActiveCfg = Release|x86
		{6BB1D6DD-4B73-49FD-97A7-F6EF39B09DE1}.Release|Mixed Platforms.Build.0 = Release|x86
		{6BB1D6DD-4B73-49FD-97A7-F6EF39B09DE1}.Release|x64.ActiveCfg = Release|x86
		{6BB1D6DD-4B73-49FD-97A7-F6EF39B09DE1}.Release|x86.ActiveCfg = Release|x86
		{6BB1D6DD-4B73-49FD-97A7-F6EF39B09DE1}.Release|x86.Build.0 = Release|x86
		{6BB1D6DD-4B73-49FD-97A7-F6EF39B09DE1}.ReleaseFinal|.NET.ActiveCfg = Release|x86
		{6BB1D6DD-4B73-49FD-97A7-F6EF39B09DE1}.ReleaseFinal|Any CPU.ActiveCfg = Release|Any CPU
		{6BB1D6DD-4B73-49FD-97A7-F6EF39B09DE1}.ReleaseFinal|Any CPU.Build.0 = Release|Any CPU
		{6BB1D6DD-4B73-49FD-97A7-F6EF39B09DE1}.ReleaseFinal|Mixed Platforms.ActiveCfg = Release|Any CPU
		{6BB1D6DD-4B73-49FD-97A7-F6EF39B09DE1}.ReleaseFinal|Mixed Platforms.Build.0 = Release|Any CPU
		{6BB1D6DD-4B73-49FD-97A7-F6EF39B09DE1}.ReleaseFinal|x64.ActiveCfg = Release|x86
		{6BB1D6DD-4B73-49FD-97A7-F6EF39B09DE1}.ReleaseFinal|x86.ActiveCfg = Release|x86
		{6BB1D6DD-4B73-49FD-97A7-F6EF39B09DE1}.ReleaseFinal|x86.Build.0 = Release|x86
		{6BB1D6DD-4B73-49FD-97A7-F6EF39B09DE1}.ReleaseUnitTests|.NET.ActiveCfg = Release|x86
		{6BB1D6DD-4B73-49FD-97A7-F6EF39B09DE1}.ReleaseUnitTests|Any CPU.ActiveCfg = Release|x86
		{6BB1D6DD-4B73-49FD-97A7-F6EF39B09DE1}.ReleaseUnitTests|Mixed Platforms.ActiveCfg = Release|x86
		{6BB1D6DD-4B73-49FD-97A7-F6EF39B09DE1}.ReleaseUnitTests|Mixed Platforms.Build.0 = Release|x86
		{6BB1D6DD-4B73-49FD-97A7-F6EF39B09DE1}.ReleaseUnitTests|x64.ActiveCfg = Release|x86
		{6BB1D6DD-4B73-49FD-97A7-F6EF39B09DE1}.ReleaseUnitTests|x86.ActiveCfg = Release|x86
		{6BB1D6DD-4B73-49FD-97A7-F6EF39B09DE1}.ReleaseUnitTests|x86.Build.0 = Release|x86
		{0857A83D-5A90-475F-A991-97C90A7EF809}.Debug|.NET.ActiveCfg = Debug|Any CPU
		{0857A83D-5A90-475F-A991-97C90A7EF809}.Debug|Any CPU.ActiveCfg = Debug|Any CPU
		{0857A83D-5A90-475F-A991-97C90A7EF809}.Debug|Any CPU.Build.0 = Debug|Any CPU
		{0857A83D-5A90-475F-A991-97C90A7EF809}.Debug|Mixed Platforms.ActiveCfg = Debug|Any CPU
		{0857A83D-5A90-475F-A991-97C90A7EF809}.Debug|Mixed Platforms.Build.0 = Debug|Any CPU
		{0857A83D-5A90-475F-A991-97C90A7EF809}.Debug|x64.ActiveCfg = Debug|Any CPU
		{0857A83D-5A90-475F-A991-97C90A7EF809}.Debug|x86.ActiveCfg = Debug|Any CPU
		{0857A83D-5A90-475F-A991-97C90A7EF809}.DebugLongRunningTests|.NET.ActiveCfg = Debug|Any CPU
		{0857A83D-5A90-475F-A991-97C90A7EF809}.DebugLongRunningTests|Any CPU.ActiveCfg = Debug|Any CPU
		{0857A83D-5A90-475F-A991-97C90A7EF809}.DebugLongRunningTests|Any CPU.Build.0 = Debug|Any CPU
		{0857A83D-5A90-475F-A991-97C90A7EF809}.DebugLongRunningTests|Mixed Platforms.ActiveCfg = Debug|Any CPU
		{0857A83D-5A90-475F-A991-97C90A7EF809}.DebugLongRunningTests|Mixed Platforms.Build.0 = Debug|Any CPU
		{0857A83D-5A90-475F-A991-97C90A7EF809}.DebugLongRunningTests|x64.ActiveCfg = Debug|Any CPU
		{0857A83D-5A90-475F-A991-97C90A7EF809}.DebugLongRunningTests|x86.ActiveCfg = Debug|Any CPU
		{0857A83D-5A90-475F-A991-97C90A7EF809}.DebugUnitTests|.NET.ActiveCfg = Debug|Any CPU
		{0857A83D-5A90-475F-A991-97C90A7EF809}.DebugUnitTests|Any CPU.ActiveCfg = Debug|Any CPU
		{0857A83D-5A90-475F-A991-97C90A7EF809}.DebugUnitTests|Any CPU.Build.0 = Debug|Any CPU
		{0857A83D-5A90-475F-A991-97C90A7EF809}.DebugUnitTests|Mixed Platforms.ActiveCfg = Debug|Any CPU
		{0857A83D-5A90-475F-A991-97C90A7EF809}.DebugUnitTests|Mixed Platforms.Build.0 = Debug|Any CPU
		{0857A83D-5A90-475F-A991-97C90A7EF809}.DebugUnitTests|x64.ActiveCfg = Debug|Any CPU
		{0857A83D-5A90-475F-A991-97C90A7EF809}.DebugUnitTests|x86.ActiveCfg = Debug|Any CPU
		{0857A83D-5A90-475F-A991-97C90A7EF809}.Release|.NET.ActiveCfg = Release|Any CPU
		{0857A83D-5A90-475F-A991-97C90A7EF809}.Release|Any CPU.ActiveCfg = Release|Any CPU
		{0857A83D-5A90-475F-A991-97C90A7EF809}.Release|Any CPU.Build.0 = Release|Any CPU
		{0857A83D-5A90-475F-A991-97C90A7EF809}.Release|Mixed Platforms.ActiveCfg = Release|Any CPU
		{0857A83D-5A90-475F-A991-97C90A7EF809}.Release|Mixed Platforms.Build.0 = Release|Any CPU
		{0857A83D-5A90-475F-A991-97C90A7EF809}.Release|x64.ActiveCfg = Release|Any CPU
		{0857A83D-5A90-475F-A991-97C90A7EF809}.Release|x86.ActiveCfg = Release|Any CPU
		{0857A83D-5A90-475F-A991-97C90A7EF809}.ReleaseFinal|.NET.ActiveCfg = Release|Any CPU
		{0857A83D-5A90-475F-A991-97C90A7EF809}.ReleaseFinal|Any CPU.ActiveCfg = Release|Any CPU
		{0857A83D-5A90-475F-A991-97C90A7EF809}.ReleaseFinal|Any CPU.Build.0 = Release|Any CPU
		{0857A83D-5A90-475F-A991-97C90A7EF809}.ReleaseFinal|Mixed Platforms.ActiveCfg = Release|Any CPU
		{0857A83D-5A90-475F-A991-97C90A7EF809}.ReleaseFinal|Mixed Platforms.Build.0 = Release|Any CPU
		{0857A83D-5A90-475F-A991-97C90A7EF809}.ReleaseFinal|x64.ActiveCfg = Release|Any CPU
		{0857A83D-5A90-475F-A991-97C90A7EF809}.ReleaseFinal|x86.ActiveCfg = Release|x86
		{0857A83D-5A90-475F-A991-97C90A7EF809}.ReleaseFinal|x86.Build.0 = Release|x86
		{0857A83D-5A90-475F-A991-97C90A7EF809}.ReleaseUnitTests|.NET.ActiveCfg = Release|Any CPU
		{0857A83D-5A90-475F-A991-97C90A7EF809}.ReleaseUnitTests|Any CPU.ActiveCfg = Release|Any CPU
		{0857A83D-5A90-475F-A991-97C90A7EF809}.ReleaseUnitTests|Any CPU.Build.0 = Release|Any CPU
		{0857A83D-5A90-475F-A991-97C90A7EF809}.ReleaseUnitTests|Mixed Platforms.ActiveCfg = Release|Any CPU
		{0857A83D-5A90-475F-A991-97C90A7EF809}.ReleaseUnitTests|Mixed Platforms.Build.0 = Release|Any CPU
		{0857A83D-5A90-475F-A991-97C90A7EF809}.ReleaseUnitTests|x64.ActiveCfg = Release|Any CPU
		{0857A83D-5A90-475F-A991-97C90A7EF809}.ReleaseUnitTests|x86.ActiveCfg = Release|x86
		{0857A83D-5A90-475F-A991-97C90A7EF809}.ReleaseUnitTests|x86.Build.0 = Release|x86
		{9F88631F-2537-4895-A8FC-83A15B388197}.Debug|.NET.ActiveCfg = Debug|Any CPU
		{9F88631F-2537-4895-A8FC-83A15B388197}.Debug|Any CPU.ActiveCfg = Debug|Any CPU
		{9F88631F-2537-4895-A8FC-83A15B388197}.Debug|Any CPU.Build.0 = Debug|Any CPU
		{9F88631F-2537-4895-A8FC-83A15B388197}.Debug|Mixed Platforms.ActiveCfg = Debug|Any CPU
		{9F88631F-2537-4895-A8FC-83A15B388197}.Debug|Mixed Platforms.Build.0 = Debug|Any CPU
		{9F88631F-2537-4895-A8FC-83A15B388197}.Debug|x64.ActiveCfg = Debug|Any CPU
		{9F88631F-2537-4895-A8FC-83A15B388197}.Debug|x86.ActiveCfg = Debug|Any CPU
		{9F88631F-2537-4895-A8FC-83A15B388197}.DebugLongRunningTests|.NET.ActiveCfg = Debug|Any CPU
		{9F88631F-2537-4895-A8FC-83A15B388197}.DebugLongRunningTests|Any CPU.ActiveCfg = Debug|Any CPU
		{9F88631F-2537-4895-A8FC-83A15B388197}.DebugLongRunningTests|Any CPU.Build.0 = Debug|Any CPU
		{9F88631F-2537-4895-A8FC-83A15B388197}.DebugLongRunningTests|Mixed Platforms.ActiveCfg = Debug|Any CPU
		{9F88631F-2537-4895-A8FC-83A15B388197}.DebugLongRunningTests|Mixed Platforms.Build.0 = Debug|Any CPU
		{9F88631F-2537-4895-A8FC-83A15B388197}.DebugLongRunningTests|x64.ActiveCfg = Debug|Any CPU
		{9F88631F-2537-4895-A8FC-83A15B388197}.DebugLongRunningTests|x86.ActiveCfg = Debug|Any CPU
		{9F88631F-2537-4895-A8FC-83A15B388197}.DebugUnitTests|.NET.ActiveCfg = Debug|Any CPU
		{9F88631F-2537-4895-A8FC-83A15B388197}.DebugUnitTests|Any CPU.ActiveCfg = Debug|Any CPU
		{9F88631F-2537-4895-A8FC-83A15B388197}.DebugUnitTests|Any CPU.Build.0 = Debug|Any CPU
		{9F88631F-2537-4895-A8FC-83A15B388197}.DebugUnitTests|Mixed Platforms.ActiveCfg = Debug|Any CPU
		{9F88631F-2537-4895-A8FC-83A15B388197}.DebugUnitTests|Mixed Platforms.Build.0 = Debug|Any CPU
		{9F88631F-2537-4895-A8FC-83A15B388197}.DebugUnitTests|x64.ActiveCfg = Debug|Any CPU
		{9F88631F-2537-4895-A8FC-83A15B388197}.DebugUnitTests|x86.ActiveCfg = Debug|Any CPU
		{9F88631F-2537-4895-A8FC-83A15B388197}.Release|.NET.ActiveCfg = Debug|Any CPU
		{9F88631F-2537-4895-A8FC-83A15B388197}.Release|Any CPU.ActiveCfg = Debug|Any CPU
		{9F88631F-2537-4895-A8FC-83A15B388197}.Release|Any CPU.Build.0 = Debug|Any CPU
		{9F88631F-2537-4895-A8FC-83A15B388197}.Release|Mixed Platforms.ActiveCfg = Debug|Any CPU
		{9F88631F-2537-4895-A8FC-83A15B388197}.Release|Mixed Platforms.Build.0 = Debug|Any CPU
		{9F88631F-2537-4895-A8FC-83A15B388197}.Release|x64.ActiveCfg = Debug|Any CPU
		{9F88631F-2537-4895-A8FC-83A15B388197}.Release|x86.ActiveCfg = Debug|Any CPU
		{9F88631F-2537-4895-A8FC-83A15B388197}.ReleaseFinal|.NET.ActiveCfg = Debug|Any CPU
		{9F88631F-2537-4895-A8FC-83A15B388197}.ReleaseFinal|Any CPU.ActiveCfg = Debug|Any CPU
		{9F88631F-2537-4895-A8FC-83A15B388197}.ReleaseFinal|Any CPU.Build.0 = Debug|Any CPU
		{9F88631F-2537-4895-A8FC-83A15B388197}.ReleaseFinal|Mixed Platforms.ActiveCfg = Debug|Any CPU
		{9F88631F-2537-4895-A8FC-83A15B388197}.ReleaseFinal|Mixed Platforms.Build.0 = Debug|Any CPU
		{9F88631F-2537-4895-A8FC-83A15B388197}.ReleaseFinal|x64.ActiveCfg = Debug|Any CPU
		{9F88631F-2537-4895-A8FC-83A15B388197}.ReleaseFinal|x86.ActiveCfg = Debug|Any CPU
		{9F88631F-2537-4895-A8FC-83A15B388197}.ReleaseUnitTests|.NET.ActiveCfg = Debug|Any CPU
		{9F88631F-2537-4895-A8FC-83A15B388197}.ReleaseUnitTests|Any CPU.ActiveCfg = Debug|Any CPU
		{9F88631F-2537-4895-A8FC-83A15B388197}.ReleaseUnitTests|Any CPU.Build.0 = Debug|Any CPU
		{9F88631F-2537-4895-A8FC-83A15B388197}.ReleaseUnitTests|Mixed Platforms.ActiveCfg = Debug|Any CPU
		{9F88631F-2537-4895-A8FC-83A15B388197}.ReleaseUnitTests|Mixed Platforms.Build.0 = Debug|Any CPU
		{9F88631F-2537-4895-A8FC-83A15B388197}.ReleaseUnitTests|x64.ActiveCfg = Debug|Any CPU
		{9F88631F-2537-4895-A8FC-83A15B388197}.ReleaseUnitTests|x86.ActiveCfg = Debug|Any CPU
		{B7B9095F-7300-4F28-AE3C-D962A74A8598}.Debug|.NET.ActiveCfg = Debug|Any CPU
		{B7B9095F-7300-4F28-AE3C-D962A74A8598}.Debug|Any CPU.ActiveCfg = Debug|Any CPU
		{B7B9095F-7300-4F28-AE3C-D962A74A8598}.Debug|Any CPU.Build.0 = Debug|Any CPU
		{B7B9095F-7300-4F28-AE3C-D962A74A8598}.Debug|Mixed Platforms.ActiveCfg = Debug|Any CPU
		{B7B9095F-7300-4F28-AE3C-D962A74A8598}.Debug|Mixed Platforms.Build.0 = Debug|Any CPU
		{B7B9095F-7300-4F28-AE3C-D962A74A8598}.Debug|x64.ActiveCfg = Debug|Any CPU
		{B7B9095F-7300-4F28-AE3C-D962A74A8598}.Debug|x86.ActiveCfg = Debug|Any CPU
		{B7B9095F-7300-4F28-AE3C-D962A74A8598}.DebugLongRunningTests|.NET.ActiveCfg = Debug|Any CPU
		{B7B9095F-7300-4F28-AE3C-D962A74A8598}.DebugLongRunningTests|Any CPU.ActiveCfg = Debug|Any CPU
		{B7B9095F-7300-4F28-AE3C-D962A74A8598}.DebugLongRunningTests|Any CPU.Build.0 = Debug|Any CPU
		{B7B9095F-7300-4F28-AE3C-D962A74A8598}.DebugLongRunningTests|Mixed Platforms.ActiveCfg = Debug|Any CPU
		{B7B9095F-7300-4F28-AE3C-D962A74A8598}.DebugLongRunningTests|Mixed Platforms.Build.0 = Debug|Any CPU
		{B7B9095F-7300-4F28-AE3C-D962A74A8598}.DebugLongRunningTests|x64.ActiveCfg = Debug|Any CPU
		{B7B9095F-7300-4F28-AE3C-D962A74A8598}.DebugLongRunningTests|x86.ActiveCfg = Debug|Any CPU
		{B7B9095F-7300-4F28-AE3C-D962A74A8598}.DebugUnitTests|.NET.ActiveCfg = Debug|Any CPU
		{B7B9095F-7300-4F28-AE3C-D962A74A8598}.DebugUnitTests|Any CPU.ActiveCfg = Debug|Any CPU
		{B7B9095F-7300-4F28-AE3C-D962A74A8598}.DebugUnitTests|Any CPU.Build.0 = Debug|Any CPU
		{B7B9095F-7300-4F28-AE3C-D962A74A8598}.DebugUnitTests|Mixed Platforms.ActiveCfg = Debug|Any CPU
		{B7B9095F-7300-4F28-AE3C-D962A74A8598}.DebugUnitTests|Mixed Platforms.Build.0 = Debug|Any CPU
		{B7B9095F-7300-4F28-AE3C-D962A74A8598}.DebugUnitTests|x64.ActiveCfg = Debug|Any CPU
		{B7B9095F-7300-4F28-AE3C-D962A74A8598}.DebugUnitTests|x86.ActiveCfg = Debug|Any CPU
		{B7B9095F-7300-4F28-AE3C-D962A74A8598}.Release|.NET.ActiveCfg = Release|Any CPU
		{B7B9095F-7300-4F28-AE3C-D962A74A8598}.Release|Any CPU.ActiveCfg = Release|Any CPU
		{B7B9095F-7300-4F28-AE3C-D962A74A8598}.Release|Any CPU.Build.0 = Release|Any CPU
		{B7B9095F-7300-4F28-AE3C-D962A74A8598}.Release|Mixed Platforms.ActiveCfg = Release|Any CPU
		{B7B9095F-7300-4F28-AE3C-D962A74A8598}.Release|Mixed Platforms.Build.0 = Release|Any CPU
		{B7B9095F-7300-4F28-AE3C-D962A74A8598}.Release|x64.ActiveCfg = Release|Any CPU
		{B7B9095F-7300-4F28-AE3C-D962A74A8598}.Release|x86.ActiveCfg = Release|Any CPU
		{B7B9095F-7300-4F28-AE3C-D962A74A8598}.ReleaseFinal|.NET.ActiveCfg = Release|Any CPU
		{B7B9095F-7300-4F28-AE3C-D962A74A8598}.ReleaseFinal|Any CPU.ActiveCfg = Release|Any CPU
		{B7B9095F-7300-4F28-AE3C-D962A74A8598}.ReleaseFinal|Any CPU.Build.0 = Release|Any CPU
		{B7B9095F-7300-4F28-AE3C-D962A74A8598}.ReleaseFinal|Mixed Platforms.ActiveCfg = Release|Any CPU
		{B7B9095F-7300-4F28-AE3C-D962A74A8598}.ReleaseFinal|Mixed Platforms.Build.0 = Release|Any CPU
		{B7B9095F-7300-4F28-AE3C-D962A74A8598}.ReleaseFinal|x64.ActiveCfg = Release|Any CPU
		{B7B9095F-7300-4F28-AE3C-D962A74A8598}.ReleaseFinal|x86.ActiveCfg = Release|Any CPU
		{B7B9095F-7300-4F28-AE3C-D962A74A8598}.ReleaseUnitTests|.NET.ActiveCfg = Release|Any CPU
		{B7B9095F-7300-4F28-AE3C-D962A74A8598}.ReleaseUnitTests|Any CPU.ActiveCfg = Release|Any CPU
		{B7B9095F-7300-4F28-AE3C-D962A74A8598}.ReleaseUnitTests|Any CPU.Build.0 = Release|Any CPU
		{B7B9095F-7300-4F28-AE3C-D962A74A8598}.ReleaseUnitTests|Mixed Platforms.ActiveCfg = Release|Any CPU
		{B7B9095F-7300-4F28-AE3C-D962A74A8598}.ReleaseUnitTests|Mixed Platforms.Build.0 = Release|Any CPU
		{B7B9095F-7300-4F28-AE3C-D962A74A8598}.ReleaseUnitTests|x64.ActiveCfg = Release|Any CPU
		{B7B9095F-7300-4F28-AE3C-D962A74A8598}.ReleaseUnitTests|x86.ActiveCfg = Release|Any CPU
		{3F38DC1D-7BDB-45FA-965F-ABBB62FC073C}.Debug|.NET.ActiveCfg = Debug|Any CPU
		{3F38DC1D-7BDB-45FA-965F-ABBB62FC073C}.Debug|Any CPU.ActiveCfg = Debug|Any CPU
		{3F38DC1D-7BDB-45FA-965F-ABBB62FC073C}.Debug|Any CPU.Build.0 = Debug|Any CPU
		{3F38DC1D-7BDB-45FA-965F-ABBB62FC073C}.Debug|Mixed Platforms.ActiveCfg = Debug|Any CPU
		{3F38DC1D-7BDB-45FA-965F-ABBB62FC073C}.Debug|Mixed Platforms.Build.0 = Debug|Any CPU
		{3F38DC1D-7BDB-45FA-965F-ABBB62FC073C}.Debug|x64.ActiveCfg = Debug|Any CPU
		{3F38DC1D-7BDB-45FA-965F-ABBB62FC073C}.Debug|x86.ActiveCfg = Debug|Any CPU
		{3F38DC1D-7BDB-45FA-965F-ABBB62FC073C}.DebugLongRunningTests|.NET.ActiveCfg = Debug|Any CPU
		{3F38DC1D-7BDB-45FA-965F-ABBB62FC073C}.DebugLongRunningTests|Any CPU.ActiveCfg = Debug|Any CPU
		{3F38DC1D-7BDB-45FA-965F-ABBB62FC073C}.DebugLongRunningTests|Any CPU.Build.0 = Debug|Any CPU
		{3F38DC1D-7BDB-45FA-965F-ABBB62FC073C}.DebugLongRunningTests|Mixed Platforms.ActiveCfg = Debug|Any CPU
		{3F38DC1D-7BDB-45FA-965F-ABBB62FC073C}.DebugLongRunningTests|Mixed Platforms.Build.0 = Debug|Any CPU
		{3F38DC1D-7BDB-45FA-965F-ABBB62FC073C}.DebugLongRunningTests|x64.ActiveCfg = Debug|Any CPU
		{3F38DC1D-7BDB-45FA-965F-ABBB62FC073C}.DebugLongRunningTests|x86.ActiveCfg = Debug|Any CPU
		{3F38DC1D-7BDB-45FA-965F-ABBB62FC073C}.DebugUnitTests|.NET.ActiveCfg = Debug|Any CPU
		{3F38DC1D-7BDB-45FA-965F-ABBB62FC073C}.DebugUnitTests|Any CPU.ActiveCfg = Debug|Any CPU
		{3F38DC1D-7BDB-45FA-965F-ABBB62FC073C}.DebugUnitTests|Any CPU.Build.0 = Debug|Any CPU
		{3F38DC1D-7BDB-45FA-965F-ABBB62FC073C}.DebugUnitTests|Mixed Platforms.ActiveCfg = Debug|Any CPU
		{3F38DC1D-7BDB-45FA-965F-ABBB62FC073C}.DebugUnitTests|Mixed Platforms.Build.0 = Debug|Any CPU
		{3F38DC1D-7BDB-45FA-965F-ABBB62FC073C}.DebugUnitTests|x64.ActiveCfg = Debug|Any CPU
		{3F38DC1D-7BDB-45FA-965F-ABBB62FC073C}.DebugUnitTests|x86.ActiveCfg = Debug|Any CPU
		{3F38DC1D-7BDB-45FA-965F-ABBB62FC073C}.Release|.NET.ActiveCfg = Release|Any CPU
		{3F38DC1D-7BDB-45FA-965F-ABBB62FC073C}.Release|Any CPU.ActiveCfg = Release|Any CPU
		{3F38DC1D-7BDB-45FA-965F-ABBB62FC073C}.Release|Any CPU.Build.0 = Release|Any CPU
		{3F38DC1D-7BDB-45FA-965F-ABBB62FC073C}.Release|Mixed Platforms.ActiveCfg = Release|Any CPU
		{3F38DC1D-7BDB-45FA-965F-ABBB62FC073C}.Release|Mixed Platforms.Build.0 = Release|Any CPU
		{3F38DC1D-7BDB-45FA-965F-ABBB62FC073C}.Release|x64.ActiveCfg = Release|Any CPU
		{3F38DC1D-7BDB-45FA-965F-ABBB62FC073C}.Release|x86.ActiveCfg = Release|Any CPU
		{3F38DC1D-7BDB-45FA-965F-ABBB62FC073C}.ReleaseFinal|.NET.ActiveCfg = Release|Any CPU
		{3F38DC1D-7BDB-45FA-965F-ABBB62FC073C}.ReleaseFinal|Any CPU.ActiveCfg = Release|Any CPU
		{3F38DC1D-7BDB-45FA-965F-ABBB62FC073C}.ReleaseFinal|Any CPU.Build.0 = Release|Any CPU
		{3F38DC1D-7BDB-45FA-965F-ABBB62FC073C}.ReleaseFinal|Mixed Platforms.ActiveCfg = Release|Any CPU
		{3F38DC1D-7BDB-45FA-965F-ABBB62FC073C}.ReleaseFinal|Mixed Platforms.Build.0 = Release|Any CPU
		{3F38DC1D-7BDB-45FA-965F-ABBB62FC073C}.ReleaseFinal|x64.ActiveCfg = Release|Any CPU
		{3F38DC1D-7BDB-45FA-965F-ABBB62FC073C}.ReleaseFinal|x86.ActiveCfg = Release|Any CPU
		{3F38DC1D-7BDB-45FA-965F-ABBB62FC073C}.ReleaseUnitTests|.NET.ActiveCfg = Release|Any CPU
		{3F38DC1D-7BDB-45FA-965F-ABBB62FC073C}.ReleaseUnitTests|Any CPU.ActiveCfg = Release|Any CPU
		{3F38DC1D-7BDB-45FA-965F-ABBB62FC073C}.ReleaseUnitTests|Any CPU.Build.0 = Release|Any CPU
		{3F38DC1D-7BDB-45FA-965F-ABBB62FC073C}.ReleaseUnitTests|Mixed Platforms.ActiveCfg = Release|Any CPU
		{3F38DC1D-7BDB-45FA-965F-ABBB62FC073C}.ReleaseUnitTests|Mixed Platforms.Build.0 = Release|Any CPU
		{3F38DC1D-7BDB-45FA-965F-ABBB62FC073C}.ReleaseUnitTests|x64.ActiveCfg = Release|Any CPU
		{3F38DC1D-7BDB-45FA-965F-ABBB62FC073C}.ReleaseUnitTests|x86.ActiveCfg = Release|Any CPU
		{C46D364B-74FD-4BD0-A2A9-F021D93A48A2}.Debug|.NET.ActiveCfg = Debug|Any CPU
		{C46D364B-74FD-4BD0-A2A9-F021D93A48A2}.Debug|Any CPU.ActiveCfg = Debug|Any CPU
		{C46D364B-74FD-4BD0-A2A9-F021D93A48A2}.Debug|Any CPU.Build.0 = Debug|Any CPU
		{C46D364B-74FD-4BD0-A2A9-F021D93A48A2}.Debug|Mixed Platforms.ActiveCfg = Debug|Any CPU
		{C46D364B-74FD-4BD0-A2A9-F021D93A48A2}.Debug|Mixed Platforms.Build.0 = Debug|Any CPU
		{C46D364B-74FD-4BD0-A2A9-F021D93A48A2}.Debug|x64.ActiveCfg = Debug|Any CPU
		{C46D364B-74FD-4BD0-A2A9-F021D93A48A2}.Debug|x86.ActiveCfg = Debug|Any CPU
		{C46D364B-74FD-4BD0-A2A9-F021D93A48A2}.DebugLongRunningTests|.NET.ActiveCfg = Debug|Any CPU
		{C46D364B-74FD-4BD0-A2A9-F021D93A48A2}.DebugLongRunningTests|Any CPU.ActiveCfg = Debug|Any CPU
		{C46D364B-74FD-4BD0-A2A9-F021D93A48A2}.DebugLongRunningTests|Any CPU.Build.0 = Debug|Any CPU
		{C46D364B-74FD-4BD0-A2A9-F021D93A48A2}.DebugLongRunningTests|Mixed Platforms.ActiveCfg = Debug|Any CPU
		{C46D364B-74FD-4BD0-A2A9-F021D93A48A2}.DebugLongRunningTests|Mixed Platforms.Build.0 = Debug|Any CPU
		{C46D364B-74FD-4BD0-A2A9-F021D93A48A2}.DebugLongRunningTests|x64.ActiveCfg = Debug|Any CPU
		{C46D364B-74FD-4BD0-A2A9-F021D93A48A2}.DebugLongRunningTests|x86.ActiveCfg = Debug|Any CPU
		{C46D364B-74FD-4BD0-A2A9-F021D93A48A2}.DebugUnitTests|.NET.ActiveCfg = Debug|Any CPU
		{C46D364B-74FD-4BD0-A2A9-F021D93A48A2}.DebugUnitTests|Any CPU.ActiveCfg = Debug|Any CPU
		{C46D364B-74FD-4BD0-A2A9-F021D93A48A2}.DebugUnitTests|Any CPU.Build.0 = Debug|Any CPU
		{C46D364B-74FD-4BD0-A2A9-F021D93A48A2}.DebugUnitTests|Mixed Platforms.ActiveCfg = Debug|Any CPU
		{C46D364B-74FD-4BD0-A2A9-F021D93A48A2}.DebugUnitTests|Mixed Platforms.Build.0 = Debug|Any CPU
		{C46D364B-74FD-4BD0-A2A9-F021D93A48A2}.DebugUnitTests|x64.ActiveCfg = Debug|Any CPU
		{C46D364B-74FD-4BD0-A2A9-F021D93A48A2}.DebugUnitTests|x86.ActiveCfg = Debug|Any CPU
		{C46D364B-74FD-4BD0-A2A9-F021D93A48A2}.Release|.NET.ActiveCfg = Release|Any CPU
		{C46D364B-74FD-4BD0-A2A9-F021D93A48A2}.Release|Any CPU.ActiveCfg = Release|Any CPU
		{C46D364B-74FD-4BD0-A2A9-F021D93A48A2}.Release|Any CPU.Build.0 = Release|Any CPU
		{C46D364B-74FD-4BD0-A2A9-F021D93A48A2}.Release|Mixed Platforms.ActiveCfg = Release|Any CPU
		{C46D364B-74FD-4BD0-A2A9-F021D93A48A2}.Release|Mixed Platforms.Build.0 = Release|Any CPU
		{C46D364B-74FD-4BD0-A2A9-F021D93A48A2}.Release|x64.ActiveCfg = Release|Any CPU
		{C46D364B-74FD-4BD0-A2A9-F021D93A48A2}.Release|x86.ActiveCfg = Release|Any CPU
		{C46D364B-74FD-4BD0-A2A9-F021D93A48A2}.ReleaseFinal|.NET.ActiveCfg = Release|Any CPU
		{C46D364B-74FD-4BD0-A2A9-F021D93A48A2}.ReleaseFinal|Any CPU.ActiveCfg = Release|Any CPU
		{C46D364B-74FD-4BD0-A2A9-F021D93A48A2}.ReleaseFinal|Any CPU.Build.0 = Release|Any CPU
		{C46D364B-74FD-4BD0-A2A9-F021D93A48A2}.ReleaseFinal|Mixed Platforms.ActiveCfg = Release|Any CPU
		{C46D364B-74FD-4BD0-A2A9-F021D93A48A2}.ReleaseFinal|Mixed Platforms.Build.0 = Release|Any CPU
		{C46D364B-74FD-4BD0-A2A9-F021D93A48A2}.ReleaseFinal|x64.ActiveCfg = Release|Any CPU
		{C46D364B-74FD-4BD0-A2A9-F021D93A48A2}.ReleaseFinal|x86.ActiveCfg = Release|Any CPU
		{C46D364B-74FD-4BD0-A2A9-F021D93A48A2}.ReleaseUnitTests|.NET.ActiveCfg = Release|Any CPU
		{C46D364B-74FD-4BD0-A2A9-F021D93A48A2}.ReleaseUnitTests|Any CPU.ActiveCfg = Release|Any CPU
		{C46D364B-74FD-4BD0-A2A9-F021D93A48A2}.ReleaseUnitTests|Any CPU.Build.0 = Release|Any CPU
		{C46D364B-74FD-4BD0-A2A9-F021D93A48A2}.ReleaseUnitTests|Mixed Platforms.ActiveCfg = Release|Any CPU
		{C46D364B-74FD-4BD0-A2A9-F021D93A48A2}.ReleaseUnitTests|Mixed Platforms.Build.0 = Release|Any CPU
		{C46D364B-74FD-4BD0-A2A9-F021D93A48A2}.ReleaseUnitTests|x64.ActiveCfg = Release|Any CPU
		{C46D364B-74FD-4BD0-A2A9-F021D93A48A2}.ReleaseUnitTests|x86.ActiveCfg = Release|Any CPU
	EndGlobalSection
	GlobalSection(SolutionProperties) = preSolution
		HideSolutionNode = FALSE
	EndGlobalSection
EndGlobal
